{
  "nodes": {
    "catppuccin": {
      "inputs": {
        "nixpkgs": "nixpkgs"
      },
      "locked": {
        "lastModified": 1786696832,
        "narHash": "sha256-wjdfX+jCJCJsteGD75xEfsDR3yATFFEx4mwelhlDXdU=",
        "owner": "catppuccin",
        "repo": "nix",
        "rev": "35d78c213b65e38789bcb359aae2380fcb4dc3e8",
        "type": "github"
      },
      "original": {
        "owner": "catppuccin",
        "repo": "nix",
        "type": "github"
      }
    },
    "home-manager": {
      "inputs": {
        "nixpkgs": [
          "nixpkgs"
        ]
      },
      "locked": {
        "lastModified": 1787487906,
        "narHash": "sha256-zIdM+8teujHm5hc5MIPDnV7k2UeOOT/pFyFtWjOCwsY=",
        "owner": "Nix-community",
        "repo": "home-manager",
        "rev": "cfba7ad5886b342b8dd63ba74354b3853ea4cfc9",
        "type": "github"
      },
      "original": {
        "owner": "Nix-community",
        "repo": "home-manager",
        "type": "github"
      }
    },
    "millennium": {
      "inputs": {
        "millennium-src": "millennium-src",
        "nixpkgs": "nixpkgs_2"
      },
      "locked": {
        "dir": "packages/nix",
        "lastModified": 1787086436,
        "narHash": "sha256-3Iphls5e/3XyoMh3TZJo0XknxNT1idLVabIqgRKUudY=",
        "ref": "refs/heads/main",
        "rev": "cecdc9532b76d16b7b63ddc206f5a8eb8c1afcaf",
        "revCount": 3639,
        "type": "git",
        "url": "https://github.com/SteamClientHomebrew/Millennium"
      },
      "original": {
        "dir": "packages/nix",
        "type": "git",
        "url": "https://github.com/SteamClientHomebrew/Millennium"
      }
    },
    "millennium-src": {
      "flake": false,
      "locked": {
        "lastModified": 1787082953,
        "narHash": "sha256-zgr4cdJfye4qunpD3ClNnZ9D1WPGQAXV0CnYwEbB52s=",
        "owner": "SteamClientHomebrew",
        "repo": "Millennium",
        "rev": "513b02e809b0eb120ecf0ae12e548798dd756323",
        "type": "github"
      },
      "original": {
        "owner": "SteamClientHomebrew",
        "repo": "Millennium",
        "rev": "513b02e809b0eb120ecf0ae12e548798dd756323",
        "type": "github"
      }
    },
    "nixpkgs": {
      "locked": {
        "lastModified": 1786534138,
        "narHash": "sha256-Cwffw7dPM56d8spt4/queFQ1cKg69D9qrsp+wfwKvfo=",
        "rev": "044bfe75bfe4c7bbe043dc17b5e42ea823b84a09",
        "type": "tarball",
        "url": "https://releases.nixos.org/nixpkgs/nixpkgs-26.11pre1052792.044bfe75bfe4/nixexprs.tar.xz"
      },
      "original": {
        "type": "tarball",
        "url": "https://channels.nixos.org/nixpkgs-unstable/nixexprs.tar.xz"
      }
    },
    "nixpkgs_2": {
      "locked": {
        "lastModified": 1781577229,
        "narHash": "sha256-lrp67w8AulE9Ks53n27I45ADSzbOCn4H+CNW1Ck8B+8=",
        "owner": "nixos",
        "repo": "nixpkgs",
        "rev": "567a49d1913ce81ac6e9582e3553dd90a955875f",
        "type": "github"
      },
      "original": {
        "owner": "nixos",
        "repo": "nixpkgs",
        "rev": "567a49d1913ce81ac6e9582e3553dd90a955875f",
        "type": "github"
      }
    },
    "nixpkgs_3": {
      "locked": {
        "lastModified": 1787360063,
        "narHash": "sha256-dt4WdcvsA8/RCe+VZZwqU0X+XMM3wBbGCWA0/sFWzGo=",
        "owner": "NixOS",
        "repo": "nixpkgs",
        "rev": "2c423e03bbafcff28bfadc6781a4a8257f205cb5",
        "type": "github"
      },
      "original": {
        "owner": "NixOS",
        "ref": "nixos-unstable",
        "repo": "nixpkgs",
        "type": "github"
      }
    },
    "root": {
      "inputs": {
        "catppuccin": "catppuccin",
        "home-manager": "home-manager",
        "millennium": "millennium",
        "nixpkgs": "nixpkgs_3"
      }
    }
  },
  "root": "root",
  "version": 7
}
